# This file is automatically @generated by Poetry 1.7.1 and should not be changed by hand.

[[package]]
name = "coloredlogs"
version = "15.0.1"
description = "Colored terminal output for Python's logging module"
optional = false
python-versions = ">=2.7, !=3.0.*, !=3.1.*, !=3.2.*, !=3.3.*, !=3.4.*"
files = [
    {file = "coloredlogs-15.0.1-py2.py3-none-any.whl", hash = "sha256:612ee75c546f53e92e70049c9dbfcc18c935a2b9a53b66085ce9ef6a6e5c0934"},
    {file = "coloredlogs-15.0.1.tar.gz", hash = "sha256:7c991aa71a4577af2f82600d8f8f3a89f936baeaf9b50a9c197da014e5bf16b0"},
]

[package.dependencies]
humanfriendly = ">=9.1"

[package.extras]
cron = ["capturer (>=2.4)"]

[[package]]
name = "executor"
version = "23.2"
description = "Programmer friendly subprocess wrapper"
optional = false
python-versions = ">=2.7, !=3.0.*, !=3.1.*, !=3.2.*, !=3.3.*, !=3.4.*"
files = [
    {file = "executor-23.2-py2.py3-none-any.whl", hash = "sha256:f2ea8cf92a1570a9898d5915b9620033aa9d4789eaf27e8a915d91dc8ba83dd9"},
    {file = "executor-23.2.tar.gz", hash = "sha256:e1c6c18ceca9e64f3f9e691bc5271806037c9a96c01e683ce46c03494af6033d"},
]

[package.dependencies]
coloredlogs = ">=3.5"
fasteners = ">=0.14.1"
humanfriendly = ">=8.0"
property-manager = ">=3.0"
six = ">=1.9.0"

[[package]]
name = "fasteners"
version = "0.19"
description = "A python package that provides useful locks"
optional = false
python-versions = ">=3.6"
files = [
    {file = "fasteners-0.19-py3-none-any.whl", hash = "sha256:758819cb5d94cdedf4e836988b74de396ceacb8e2794d21f82d131fd9ee77237"},
    {file = "fasteners-0.19.tar.gz", hash = "sha256:b4f37c3ac52d8a445af3a66bce57b33b5e90b97c696b7b984f530cf8f0ded09c"},
]

[[package]]
name = "humanfriendly"
version = "10.0"
description = "Human friendly output for text interfaces using Python"
optional = false
python-versions = ">=2.7, !=3.0.*, !=3.1.*, !=3.2.*, !=3.3.*, !=3.4.*"
files = [
    {file = "humanfriendly-10.0-py2.py3-none-any.whl", hash = "sha256:1697e1a8a8f550fd43c2865cd84542fc175a61dcb779b6fee18cf6b6ccba1477"},
    {file = "humanfriendly-10.0.tar.gz", hash = "sha256:6b0b831ce8f15f7300721aa49829fc4e83921a9a301cc7f606be6686a2288ddc"},
]

[package.dependencies]
pyreadline3 = {version = "*", markers = "sys_platform == \"win32\" and python_version >= \"3.8\""}

[[package]]
name = "linux-utils"
version = "0.7"
description = "Linux system administration tools for Python"
optional = false
python-versions = "*"
files = [
    {file = "linux-utils-0.7.tar.gz", hash = "sha256:c54ad479d9fe70ccefa32127a3723b3ee76725901e5fb3f68d4d5473b63534dc"},
    {file = "linux_utils-0.7-py2.py3-none-any.whl", hash = "sha256:a2790d7813d5c695535ab93d5f87ad03d2e2f8133e0755de40084ec2ad461c07"},
]

[package.dependencies]
coloredlogs = ">=7.0"
executor = ">=16.0.1"
humanfriendly = ">=6.0"
property-manager = ">=2.3"
six = ">=1.10.0"

[[package]]
name = "naturalsort"
version = "1.5.1"
description = "Simple natural order sorting API for Python"
optional = false
python-versions = "*"
files = [
    {file = "naturalsort-1.5.1.tar.gz", hash = "sha256:172b5ed6e7ba3420c08ba2ded1c52fe74878f5d769dc5d9dec2b6a53e7117356"},
]

[[package]]
name = "proc"
version = "1.0"
description = "Simple interface to Linux process information"
optional = false
python-versions = ">=2.7, !=3.0.*, !=3.1.*, !=3.2.*, !=3.3.*, !=3.4.*"
files = [
    {file = "proc-1.0-py2.py3-none-any.whl", hash = "sha256:a297407618be889b2dac045f61a03237ee5abd600adb9f9a83347813df50a93a"},
    {file = "proc-1.0.tar.gz", hash = "sha256:6c79142bbde22db6f8d1aa7eaf65c9d0667b6abc0ac2433803ae5f03e46d7278"},
]

[package.dependencies]
coloredlogs = ">=14.0"
executor = ">=22.0"
humanfriendly = ">=8.2"
property-manager = ">=3.0"
verboselogs = ">=1.7"

[[package]]
name = "property-manager"
version = "3.0"
description = "Useful property variants for Python programming (required properties, writable properties, cached properties, etc)"
optional = false
python-versions = ">=2.7, !=3.0.*, !=3.1.*, !=3.2.*, !=3.3.*, !=3.4.*"
files = [
    {file = "property-manager-3.0.tar.gz", hash = "sha256:93e76da9ae7af13cccc2cd1e3b47219950c56c125cd962aaed693894af267c54"},
    {file = "property_manager-3.0-py2.py3-none-any.whl", hash = "sha256:d5d648053e669cf9cb2f157e4a41ef46174eaa8ee13bfa49e1530c17d65bfe45"},
]

[package.dependencies]
humanfriendly = ">=8.0"
verboselogs = ">=1.1"

[[package]]
name = "pyreadline3"
version = "3.4.1"
description = "A python implementation of GNU readline."
optional = false
python-versions = "*"
files = [
    {file = "pyreadline3-3.4.1-py3-none-any.whl", hash = "sha256:b0efb6516fd4fb07b45949053826a62fa4cb353db5be2bbb4a7aa1fdd1e345fb"},
    {file = "pyreadline3-3.4.1.tar.gz", hash = "sha256:6f3d1f7b8a31ba32b73917cefc1f28cc660562f39aea8646d30bd6eff21f7bae"},
]

[[package]]
name = "python-dateutil"
version = "2.9.0.post0"
description = "Extensions to the standard Python datetime module"
optional = false
python-versions = "!=3.0.*,!=3.1.*,!=3.2.*,>=2.7"
files = [
    {file = "python-dateutil-2.9.0.post0.tar.gz", hash = "sha256:37dd54208da7e1cd875388217d5e00ebd4179249f90fb72437e91a35459a0ad3"},
    {file = "python_dateutil-2.9.0.post0-py2.py3-none-any.whl", hash = "sha256:a8b2bc7bffae282281c8140a97d3aa9c14da0b136dfe83f850eea9a5f7470427"},
]

[package.dependencies]
six = ">=1.5"

[[package]]
name = "rotate-backups"
version = "8.1"
description = "Simple command line interface for backup rotation"
optional = false
python-versions = ">=2.7, !=3.0.*, !=3.1.*, !=3.2.*, !=3.3.*, !=3.4.*"
files = [
    {file = "rotate-backups-8.1.tar.gz", hash = "sha256:f8fe4012cb0b6768ffebe12d995bfd558fafaf636275ff016dd9135344b33980"},
    {file = "rotate_backups-8.1-py2.py3-none-any.whl", hash = "sha256:5df65042f636fbfebfe4bf03da700208835d0cf2492123883c2ba74e5207992f"},
]

[package.dependencies]
coloredlogs = ">=5.1"
executor = ">=23.1"
humanfriendly = ">=8.0"
naturalsort = ">=1.4"
property-manager = ">=3.0"
python-dateutil = ">=2.2"
simpleeval = ">=0.8.7"
six = ">=1.9.0"
update-dotdee = ">=6.0"
verboselogs = ">=1.5"

[[package]]
name = "rsync-system-backup"
version = "1.1"
description = "Linux system backups powered by rsync"
optional = false
python-versions = "*"
files = [
    {file = "rsync-system-backup-1.1.tar.gz", hash = "sha256:8919f2bd0e86351dfa2e942b2f9f0f3882cea35a8b79e99e79b164b308e10824"},
    {file = "rsync_system_backup-1.1-py2.py3-none-any.whl", hash = "sha256:96727367725f81f5cb23c46ec0ceae113753afe243fdd80e3d3db47704339ff9"},
]

[package.dependencies]
coloredlogs = ">=6.1"
executor = ">=19.3"
humanfriendly = ">=3.4"
linux-utils = ">=0.4"
proc = ">=0.14"
property-manager = ">=2.3"
rotate-backups = ">=4.4"

[[package]]
name = "simpleeval"
version = "0.9.13"
description = "A simple, safe single expression evaluator library."
optional = false
python-versions = "*"
files = [
    {file = "simpleeval-0.9.13-py2.py3-none-any.whl", hash = "sha256:22a2701a5006e4188d125d34accf2405c2c37c93f6b346f2484b6422415ae54a"},
    {file = "simpleeval-0.9.13.tar.gz", hash = "sha256:4a30f9cc01825fe4c719c785e3762623e350c4840d5e6855c2a8496baaa65fac"},
]

[[package]]
name = "six"
version = "1.16.0"
description = "Python 2 and 3 compatibility utilities"
optional = false
python-versions = ">=2.7, !=3.0.*, !=3.1.*, !=3.2.*"
files = [
    {file = "six-1.16.0-py2.py3-none-any.whl", hash = "sha256:8abb2f1d86890a2dfb989f9a77cfcfd3e47c2a354b01111771326f8aa26e0254"},
    {file = "six-1.16.0.tar.gz", hash = "sha256:1e61c37477a1626458e36f7b1d82aa5c9b094fa4802892072e49de9c60c4c926"},
]

[[package]]
name = "update-dotdee"
version = "6.0"
description = "Generic modular configuration file manager"
optional = false
python-versions = ">=2.7, !=3.0.*, !=3.1.*, !=3.2.*, !=3.3.*, !=3.4.*"
files = [
    {file = "update-dotdee-6.0.tar.gz", hash = "sha256:5897da85cc2115dc894aa27c986274b2930c4b56068cd44634fb543eafb88b41"},
    {file = "update_dotdee-6.0-py2.py3-none-any.whl", hash = "sha256:0e18e14ba9fdc21213b093ce75c58613391d2ff7985aa5a9f0051bc9186f125e"},
]

[package.dependencies]
coloredlogs = ">=14.0"
executor = ">=23.1"
humanfriendly = ">=8.2"
naturalsort = ">=1.5.1"
property-manager = ">=3.0"
six = ">=1.10.0"

[[package]]
name = "verboselogs"
version = "1.7"
description = "Verbose logging level for Python's logging module"
optional = false
python-versions = "*"
files = [
    {file = "verboselogs-1.7-py2.py3-none-any.whl", hash = "sha256:d63f23bf568295b95d3530c6864a0b580cec70e7ff974177dead1e4ffbc6ff49"},
    {file = "verboselogs-1.7.tar.gz", hash = "sha256:e33ddedcdfdafcb3a174701150430b11b46ceb64c2a9a26198c76a156568e427"},
]

[metadata]
lock-version = "2.0"
python-versions = "^3.12"
content-hash = "1062fef21142586fdb2f2929ce1619b924362864ff8dd5c00c1dd1fe8cf49671"
